// !$*UTF8*$!
{
	archiveVersion = 1;
	classes = {
	};
	objectVersion = 77;
	objects = {

/* Begin PBXBuildFile section */
		71C478882E3D90FC00BBCF6E /* KeychainSwift in Frameworks */ = {isa = PBXBuildFile; productRef = 71C478872E3D90FC00BBCF6E /* KeychainSwift */; };
		CA8462E82D277D46005BB9DC /* FirebaseAnalytics in Frameworks */ = {isa = PBXBuildFile; productRef = CA8462E72D277D46005BB9DC /* FirebaseAnalytics */; };
		CA8462EA2D277D46005BB9DC /* FirebaseAnalyticsOnDeviceConversion in Frameworks */ = {isa = PBXBuildFile; productRef = CA8462E92D277D46005BB9DC /* FirebaseAnalyticsOnDeviceConversion */; };
		CA8462EC2D277D46005BB9DC /* FirebaseAnalyticsWithoutAdIdSupport in Frameworks */ = {isa = PBXBuildFile; productRef = CA8462EB2D277D46005BB9DC /* FirebaseAnalyticsWithoutAdIdSupport */; };
		CA8462EE2D277D46005BB9DC /* FirebaseAppCheck in Frameworks */ = {isa = PBXBuildFile; productRef = CA8462ED2D277D46005BB9DC /* FirebaseAppCheck */; };
		CA8462F02D277D46005BB9DC /* FirebaseAppDistribution-Beta in Frameworks */ = {isa = PBXBuildFile; productRef = CA8462EF2D277D46005BB9DC /* FirebaseAppDistribution-Beta */; };
		CA8462F22D277F9D005BB9DC /* FirebaseAnalytics in Frameworks */ = {isa = PBXBuildFile; productRef = CA8462F12D277F9D005BB9DC /* FirebaseAnalytics */; };
		CA8462F42D277F9D005BB9DC /* FirebaseAnalyticsOnDeviceConversion in Frameworks */ = {isa = PBXBuildFile; productRef = CA8462F32D277F9D005BB9DC /* FirebaseAnalyticsOnDeviceConversion */; };
		CA8462F62D277F9D005BB9DC /* FirebaseAnalyticsWithoutAdIdSupport in Frameworks */ = {isa = PBXBuildFile; productRef = CA8462F52D277F9D005BB9DC /* FirebaseAnalyticsWithoutAdIdSupport */; };
		CA8462F82D277F9D005BB9DC /* FirebaseAppCheck in Frameworks */ = {isa = PBXBuildFile; productRef = CA8462F72D277F9D005BB9DC /* FirebaseAppCheck */; };
		CA8462FA2D277F9D005BB9DC /* FirebaseAppDistribution-Beta in Frameworks */ = {isa = PBXBuildFile; productRef = CA8462F92D277F9D005BB9DC /* FirebaseAppDistribution-Beta */; };
		CA8462FC2D277F9D005BB9DC /* FirebaseAuth in Frameworks */ = {isa = PBXBuildFile; productRef = CA8462FB2D277F9D005BB9DC /* FirebaseAuth */; };
		CA8462FE2D277F9D005BB9DC /* FirebaseAuthCombine-Community in Frameworks */ = {isa = PBXBuildFile; productRef = CA8462FD2D277F9D005BB9DC /* FirebaseAuthCombine-Community */; };
		CA8463002D277F9D005BB9DC /* FirebaseCore in Frameworks */ = {isa = PBXBuildFile; productRef = CA8462FF2D277F9D005BB9DC /* FirebaseCore */; };
		CA8463022D277F9D005BB9DC /* FirebaseCrashlytics in Frameworks */ = {isa = PBXBuildFile; productRef = CA8463012D277F9D005BB9DC /* FirebaseCrashlytics */; };
		CA8463042D277F9D005BB9DC /* FirebaseDatabase in Frameworks */ = {isa = PBXBuildFile; productRef = CA8463032D277F9D005BB9DC /* FirebaseDatabase */; };
		CA8463062D277F9D005BB9DC /* FirebaseDynamicLinks in Frameworks */ = {isa = PBXBuildFile; productRef = CA8463052D277F9D005BB9DC /* FirebaseDynamicLinks */; };
		CA8463082D277F9D005BB9DC /* FirebaseFirestore in Frameworks */ = {isa = PBXBuildFile; productRef = CA8463072D277F9D005BB9DC /* FirebaseFirestore */; };
		CA84630A2D277F9D005BB9DC /* FirebaseFirestoreCombine-Community in Frameworks */ = {isa = PBXBuildFile; productRef = CA8463092D277F9D005BB9DC /* FirebaseFirestoreCombine-Community */; };
		CA84630C2D277F9D005BB9DC /* FirebaseFunctions in Frameworks */ = {isa = PBXBuildFile; productRef = CA84630B2D277F9D005BB9DC /* FirebaseFunctions */; };
		CA84630E2D277F9D005BB9DC /* FirebaseFunctionsCombine-Community in Frameworks */ = {isa = PBXBuildFile; productRef = CA84630D2D277F9D005BB9DC /* FirebaseFunctionsCombine-Community */; };
		CA8463102D277F9D005BB9DC /* FirebaseInAppMessaging-Beta in Frameworks */ = {isa = PBXBuildFile; productRef = CA84630F2D277F9D005BB9DC /* FirebaseInAppMessaging-Beta */; };
		CA8463122D277F9D005BB9DC /* FirebaseInstallations in Frameworks */ = {isa = PBXBuildFile; productRef = CA8463112D277F9D005BB9DC /* FirebaseInstallations */; };
		CA8463142D277F9D005BB9DC /* FirebaseMLModelDownloader in Frameworks */ = {isa = PBXBuildFile; productRef = CA8463132D277F9D005BB9DC /* FirebaseMLModelDownloader */; };
		CA8463162D277F9D005BB9DC /* FirebaseMessaging in Frameworks */ = {isa = PBXBuildFile; productRef = CA8463152D277F9D005BB9DC /* FirebaseMessaging */; };
		CA8463182D277F9D005BB9DC /* FirebasePerformance in Frameworks */ = {isa = PBXBuildFile; productRef = CA8463172D277F9D005BB9DC /* FirebasePerformance */; };
		CA84631A2D277F9D005BB9DC /* FirebaseRemoteConfig in Frameworks */ = {isa = PBXBuildFile; productRef = CA8463192D277F9D005BB9DC /* FirebaseRemoteConfig */; };
		CA84631C2D277F9D005BB9DC /* FirebaseStorage in Frameworks */ = {isa = PBXBuildFile; productRef = CA84631B2D277F9D005BB9DC /* FirebaseStorage */; };
		CA84631E2D277F9D005BB9DC /* FirebaseStorageCombine-Community in Frameworks */ = {isa = PBXBuildFile; productRef = CA84631D2D277F9D005BB9DC /* FirebaseStorageCombine-Community */; };
		CA8463202D277F9D005BB9DC /* FirebaseVertexAI in Frameworks */ = {isa = PBXBuildFile; productRef = CA84631F2D277F9D005BB9DC /* FirebaseVertexAI */; };
/* End PBXBuildFile section */

/* Begin PBXContainerItemProxy section */
		CA02F9FB2CB9AE2F0027BD8B /* PBXContainerItemProxy */ = {
			isa = PBXContainerItemProxy;
			containerPortal = CA02F9E22CB9AE2B0027BD8B /* Project object */;
			proxyType = 1;
			remoteGlobalIDString = CA02F9E92CB9AE2B0027BD8B;
			remoteInfo = ListenList;
		};
		CA02FA052CB9AE2F0027BD8B /* PBXContainerItemProxy */ = {
			isa = PBXContainerItemProxy;
			containerPortal = CA02F9E22CB9AE2B0027BD8B /* Project object */;
			proxyType = 1;
			remoteGlobalIDString = CA02F9E92CB9AE2B0027BD8B;
			remoteInfo = ListenList;
		};
/* End PBXContainerItemProxy section */

/* Begin PBXFileReference section */
		CA02F9EA2CB9AE2B0027BD8B /* ListenList.app */ = {isa = PBXFileReference; explicitFileType = wrapper.application; includeInIndex = 0; path = ListenList.app; sourceTree = BUILT_PRODUCTS_DIR; };
		CA02F9FA2CB9AE2F0027BD8B /* ListenListTests.xctest */ = {isa = PBXFileReference; explicitFileType = wrapper.cfbundle; includeInIndex = 0; path = ListenListTests.xctest; sourceTree = BUILT_PRODUCTS_DIR; };
		CA02FA042CB9AE2F0027BD8B /* ListenListUITests.xctest */ = {isa = PBXFileReference; explicitFileType = wrapper.cfbundle; includeInIndex = 0; path = ListenListUITests.xctest; sourceTree = BUILT_PRODUCTS_DIR; };
/* End PBXFileReference section */

/* Begin PBXFileSystemSynchronizedBuildFileExceptionSet section */
		CA02FA552CBB1C8F0027BD8B /* Exceptions for "ListenList" folder in "ListenList" target */ = {
			isa = PBXFileSystemSynchronizedBuildFileExceptionSet;
			membershipExceptions = (
				Config.xcconfig,
				Info.plist,
				Sample.xcconfig,
			);
			target = CA02F9E92CB9AE2B0027BD8B /* ListenList */;
		};
/* End PBXFileSystemSynchronizedBuildFileExceptionSet section */

/* Begin PBXFileSystemSynchronizedRootGroup section */
		CA02F9EC2CB9AE2B0027BD8B /* ListenList */ = {
			isa = PBXFileSystemSynchronizedRootGroup;
			exceptions = (
				CA02FA552CBB1C8F0027BD8B /* Exceptions for "ListenList" folder in "ListenList" target */,
			);
			path = ListenList;
			sourceTree = "<group>";
		};
		CA02F9FD2CB9AE2F0027BD8B /* ListenListTests */ = {
			isa = PBXFileSystemSynchronizedRootGroup;
			path = ListenListTests;
			sourceTree = "<group>";
		};
		CA02FA072CB9AE2F0027BD8B /* ListenListUITests */ = {
			isa = PBXFileSystemSynchronizedRootGroup;
			path = ListenListUITests;
			sourceTree = "<group>";
		};
/* End PBXFileSystemSynchronizedRootGroup section */

/* Begin PBXFrameworksBuildPhase section */
		CA02F9E72CB9AE2B0027BD8B /* Frameworks */ = {
			isa = PBXFrameworksBuildPhase;
			buildActionMask = 2147483647;
			files = (
				CA8463162D277F9D005BB9DC /* FirebaseMessaging in Frameworks */,
				CA8463042D277F9D005BB9DC /* FirebaseDatabase in Frameworks */,
				CA8462EE2D277D46005BB9DC /* FirebaseAppCheck in Frameworks */,
				CA8462E82D277D46005BB9DC /* FirebaseAnalytics in Frameworks */,
				CA84630E2D277F9D005BB9DC /* FirebaseFunctionsCombine-Community in Frameworks */,
				CA8463202D277F9D005BB9DC /* FirebaseVertexAI in Frameworks */,
				CA84630A2D277F9D005BB9DC /* FirebaseFirestoreCombine-Community in Frameworks */,
				CA8462F22D277F9D005BB9DC /* FirebaseAnalytics in Frameworks */,
				CA8463082D277F9D005BB9DC /* FirebaseFirestore in Frameworks */,
				CA8463022D277F9D005BB9DC /* FirebaseCrashlytics in Frameworks */,
				CA8463102D277F9D005BB9DC /* FirebaseInAppMessaging-Beta in Frameworks */,
				CA8463142D277F9D005BB9DC /* FirebaseMLModelDownloader in Frameworks */,
				71C478882E3D90FC00BBCF6E /* KeychainSwift in Frameworks */,
				CA8462F42D277F9D005BB9DC /* FirebaseAnalyticsOnDeviceConversion in Frameworks */,
				CA8462F02D277D46005BB9DC /* FirebaseAppDistribution-Beta in Frameworks */,
				CA8463122D277F9D005BB9DC /* FirebaseInstallations in Frameworks */,
				CA8462EC2D277D46005BB9DC /* FirebaseAnalyticsWithoutAdIdSupport in Frameworks */,
				CA84630C2D277F9D005BB9DC /* FirebaseFunctions in Frameworks */,
				CA8462EA2D277D46005BB9DC /* FirebaseAnalyticsOnDeviceConversion in Frameworks */,
				CA8463182D277F9D005BB9DC /* FirebasePerformance in Frameworks */,
				CA8462FE2D277F9D005BB9DC /* FirebaseAuthCombine-Community in Frameworks */,
				CA8463002D277F9D005BB9DC /* FirebaseCore in Frameworks */,
				CA84631C2D277F9D005BB9DC /* FirebaseStorage in Frameworks */,
				CA8463062D277F9D005BB9DC /* FirebaseDynamicLinks in Frameworks */,
				CA84631E2D277F9D005BB9DC /* FirebaseStorageCombine-Community in Frameworks */,
				CA8462FC2D277F9D005BB9DC /* FirebaseAuth in Frameworks */,
				CA8462FA2D277F9D005BB9DC /* FirebaseAppDistribution-Beta in Frameworks */,
				CA84631A2D277F9D005BB9DC /* FirebaseRemoteConfig in Frameworks */,
				CA8462F82D277F9D005BB9DC /* FirebaseAppCheck in Frameworks */,
				CA8462F62D277F9D005BB9DC /* FirebaseAnalyticsWithoutAdIdSupport in Frameworks */,
			);
			runOnlyForDeploymentPostprocessing = 0;
		};
		CA02F9F72CB9AE2F0027BD8B /* Frameworks */ = {
			isa = PBXFrameworksBuildPhase;
			buildActionMask = 2147483647;
			files = (
			);
			runOnlyForDeploymentPostprocessing = 0;
		};
		CA02FA012CB9AE2F0027BD8B /* Frameworks */ = {
			isa = PBXFrameworksBuildPhase;
			buildActionMask = 2147483647;
			files = (
			);
			runOnlyForDeploymentPostprocessing = 0;
		};
/* End PBXFrameworksBuildPhase section */

/* Begin PBXGroup section */
		CA02F9E12CB9AE2B0027BD8B = {
			isa = PBXGroup;
			children = (
				CA02F9EC2CB9AE2B0027BD8B /* ListenList */,
				CA02F9FD2CB9AE2F0027BD8B /* ListenListTests */,
				CA02FA072CB9AE2F0027BD8B /* ListenListUITests */,
				CA02F9EB2CB9AE2B0027BD8B /* Products */,
			);
			sourceTree = "<group>";
		};
		CA02F9EB2CB9AE2B0027BD8B /* Products */ = {
			isa = PBXGroup;
			children = (
				CA02F9EA2CB9AE2B0027BD8B /* ListenList.app */,
				CA02F9FA2CB9AE2F0027BD8B /* ListenListTests.xctest */,
				CA02FA042CB9AE2F0027BD8B /* ListenListUITests.xctest */,
			);
			name = Products;
			sourceTree = "<group>";
		};
/* End PBXGroup section */

/* Begin PBXNativeTarget section */
		CA02F9E92CB9AE2B0027BD8B /* ListenList */ = {
			isa = PBXNativeTarget;
			buildConfigurationList = CA02FA0E2CB9AE2F0027BD8B /* Build configuration list for PBXNativeTarget "ListenList" */;
			buildPhases = (
				CA02F9E62CB9AE2B0027BD8B /* Sources */,
				CA02F9E72CB9AE2B0027BD8B /* Frameworks */,
				CA02F9E82CB9AE2B0027BD8B /* Resources */,
			);
			buildRules = (
			);
			dependencies = (
			);
			fileSystemSynchronizedGroups = (
				CA02F9EC2CB9AE2B0027BD8B /* ListenList */,
			);
			name = ListenList;
			productName = ListenList;
			productReference = CA02F9EA2CB9AE2B0027BD8B /* ListenList.app */;
			productType = "com.apple.product-type.application";
		};
		CA02F9F92CB9AE2F0027BD8B /* ListenListTests */ = {
			isa = PBXNativeTarget;
			buildConfigurationList = CA02FA112CB9AE2F0027BD8B /* Build configuration list for PBXNativeTarget "ListenListTests" */;
			buildPhases = (
				CA02F9F62CB9AE2F0027BD8B /* Sources */,
				CA02F9F72CB9AE2F0027BD8B /* Frameworks */,
				CA02F9F82CB9AE2F0027BD8B /* Resources */,
			);
			buildRules = (
			);
			dependencies = (
				CA02F9FC2CB9AE2F0027BD8B /* PBXTargetDependency */,
			);
			fileSystemSynchronizedGroups = (
				CA02F9FD2CB9AE2F0027BD8B /* ListenListTests */,
			);
			name = ListenListTests;
			productName = ListenListTests;
			productReference = CA02F9FA2CB9AE2F0027BD8B /* ListenListTests.xctest */;
			productType = "com.apple.product-type.bundle.unit-test";
		};
		CA02FA032CB9AE2F0027BD8B /* ListenListUITests */ = {
			isa = PBXNativeTarget;
			buildConfigurationList = CA02FA142CB9AE2F0027BD8B /* Build configuration list for PBXNativeTarget "ListenListUITests" */;
			buildPhases = (
				CA02FA002CB9AE2F0027BD8B /* Sources */,
				CA02FA012CB9AE2F0027BD8B /* Frameworks */,
				CA02FA022CB9AE2F0027BD8B /* Resources */,
			);
			buildRules = (
			);
			dependencies = (
				CA02FA062CB9AE2F0027BD8B /* PBXTargetDependency */,
			);
			fileSystemSynchronizedGroups = (
				CA02FA072CB9AE2F0027BD8B /* ListenListUITests */,
			);
			name = ListenListUITests;
			productName = ListenListUITests;
			productReference = CA02FA042CB9AE2F0027BD8B /* ListenListUITests.xctest */;
			productType = "com.apple.product-type.bundle.ui-testing";
		};
/* End PBXNativeTarget section */

/* Begin PBXProject section */
		CA02F9E22CB9AE2B0027BD8B /* Project object */ = {
			isa = PBXProject;
			attributes = {
				BuildIndependentTargetsInParallel = 1;
				LastSwiftUpdateCheck = 1600;
				LastUpgradeCheck = 1610;
				TargetAttributes = {
					CA02F9E92CB9AE2B0027BD8B = {
						CreatedOnToolsVersion = 16.0;
					};
					CA02F9F92CB9AE2F0027BD8B = {
						CreatedOnToolsVersion = 16.0;
						TestTargetID = CA02F9E92CB9AE2B0027BD8B;
					};
					CA02FA032CB9AE2F0027BD8B = {
						CreatedOnToolsVersion = 16.0;
						TestTargetID = CA02F9E92CB9AE2B0027BD8B;
					};
				};
			};
			buildConfigurationList = CA02F9E52CB9AE2B0027BD8B /* Build configuration list for PBXProject "ListenList" */;
			developmentRegion = en;
			hasScannedForEncodings = 0;
			knownRegions = (
				en,
				Base,
			);
			mainGroup = CA02F9E12CB9AE2B0027BD8B;
			minimizedProjectReferenceProxies = 1;
			packageReferences = (
				CA8462E62D277D46005BB9DC /* XCRemoteSwiftPackageReference "firebase-ios-sdk" */,
				71C478862E3D90FC00BBCF6E /* XCRemoteSwiftPackageReference "keychain-swift" */,
			);
			preferredProjectObjectVersion = 77;
			productRefGroup = CA02F9EB2CB9AE2B0027BD8B /* Products */;
			projectDirPath = "";
			projectRoot = "";
			targets = (
				CA02F9E92CB9AE2B0027BD8B /* ListenList */,
				CA02F9F92CB9AE2F0027BD8B /* ListenListTests */,
				CA02FA032CB9AE2F0027BD8B /* ListenListUITests */,
			);
		};
/* End PBXProject section */

/* Begin PBXResourcesBuildPhase section */
		CA02F9E82CB9AE2B0027BD8B /* Resources */ = {
			isa = PBXResourcesBuildPhase;
			buildActionMask = 2147483647;
			files = (
			);
			runOnlyForDeploymentPostprocessing = 0;
		};
		CA02F9F82CB9AE2F0027BD8B /* Resources */ = {
			isa = PBXResourcesBuildPhase;
			buildActionMask = 2147483647;
			files = (
			);
			runOnlyForDeploymentPostprocessing = 0;
		};
		CA02FA022CB9AE2F0027BD8B /* Resources */ = {
			isa = PBXResourcesBuildPhase;
			buildActionMask = 2147483647;
			files = (
			);
			runOnlyForDeploymentPostprocessing = 0;
		};
/* End PBXResourcesBuildPhase section */

/* Begin PBXSourcesBuildPhase section */
		CA02F9E62CB9AE2B0027BD8B /* Sources */ = {
			isa = PBXSourcesBuildPhase;
			buildActionMask = 2147483647;
			files = (
			);
			runOnlyForDeploymentPostprocessing = 0;
		};
		CA02F9F62CB9AE2F0027BD8B /* Sources */ = {
			isa = PBXSourcesBuildPhase;
			buildActionMask = 2147483647;
			files = (
			);
			runOnlyForDeploymentPostprocessing = 0;
		};
		CA02FA002CB9AE2F0027BD8B /* Sources */ = {
			isa = PBXSourcesBuildPhase;
			buildActionMask = 2147483647;
			files = (
			);
			runOnlyForDeploymentPostprocessing = 0;
		};
/* End PBXSourcesBuildPhase section */

/* Begin PBXTargetDependency section */
		CA02F9FC2CB9AE2F0027BD8B /* PBXTargetDependency */ = {
			isa = PBXTargetDependency;
			target = CA02F9E92CB9AE2B0027BD8B /* ListenList */;
			targetProxy = CA02F9FB2CB9AE2F0027BD8B /* PBXContainerItemProxy */;
		};
		CA02FA062CB9AE2F0027BD8B /* PBXTargetDependency */ = {
			isa = PBXTargetDependency;
			target = CA02F9E92CB9AE2B0027BD8B /* ListenList */;
			targetProxy = CA02FA052CB9AE2F0027BD8B /* PBXContainerItemProxy */;
		};
/* End PBXTargetDependency section */

/* Begin XCBuildConfiguration section */
		CA02FA0C2CB9AE2F0027BD8B /* Debug */ = {
			isa = XCBuildConfiguration;
			buildSettings = {
				ALWAYS_SEARCH_USER_PATHS = NO;
				ASSETCATALOG_COMPILER_GENERATE_SWIFT_ASSET_SYMBOL_EXTENSIONS = YES;
				CLANG_ANALYZER_NONNULL = YES;
				CLANG_ANALYZER_NUMBER_OBJECT_CONVERSION = YES_AGGRESSIVE;
				CLANG_CXX_LANGUAGE_STANDARD = "gnu++20";
				CLANG_ENABLE_MODULES = YES;
				CLANG_ENABLE_OBJC_ARC = YES;
				CLANG_ENABLE_OBJC_WEAK = YES;
				CLANG_WARN_BLOCK_CAPTURE_AUTORELEASING = YES;
				CLANG_WARN_BOOL_CONVERSION = YES;
				CLANG_WARN_COMMA = YES;
				CLANG_WARN_CONSTANT_CONVERSION = YES;
				CLANG_WARN_DEPRECATED_OBJC_IMPLEMENTATIONS = YES;
				CLANG_WARN_DIRECT_OBJC_ISA_USAGE = YES_ERROR;
				CLANG_WARN_DOCUMENTATION_COMMENTS = YES;
				CLANG_WARN_EMPTY_BODY = YES;
				CLANG_WARN_ENUM_CONVERSION = YES;
				CLANG_WARN_INFINITE_RECURSION = YES;
				CLANG_WARN_INT_CONVERSION = YES;
				CLANG_WARN_NON_LITERAL_NULL_CONVERSION = YES;
				CLANG_WARN_OBJC_IMPLICIT_RETAIN_SELF = YES;
				CLANG_WARN_OBJC_LITERAL_CONVERSION = YES;
				CLANG_WARN_OBJC_ROOT_CLASS = YES_ERROR;
				CLANG_WARN_QUOTED_INCLUDE_IN_FRAMEWORK_HEADER = YES;
				CLANG_WARN_RANGE_LOOP_ANALYSIS = YES;
				CLANG_WARN_STRICT_PROTOTYPES = YES;
				CLANG_WARN_SUSPICIOUS_MOVE = YES;
				CLANG_WARN_UNGUARDED_AVAILABILITY = YES_AGGRESSIVE;
				CLANG_WARN_UNREACHABLE_CODE = YES;
				CLANG_WARN__DUPLICATE_METHOD_MATCH = YES;
				COPY_PHASE_STRIP = NO;
				DEBUG_INFORMATION_FORMAT = dwarf;
				ENABLE_STRICT_OBJC_MSGSEND = YES;
				ENABLE_TESTABILITY = YES;
				ENABLE_USER_SCRIPT_SANDBOXING = YES;
				GCC_C_LANGUAGE_STANDARD = gnu17;
				GCC_DYNAMIC_NO_PIC = NO;
				GCC_NO_COMMON_BLOCKS = YES;
				GCC_OPTIMIZATION_LEVEL = 0;
				GCC_PREPROCESSOR_DEFINITIONS = (
					"DEBUG=1",
					"$(inherited)",
				);
				GCC_WARN_64_TO_32_BIT_CONVERSION = YES;
				GCC_WARN_ABOUT_RETURN_TYPE = YES_ERROR;
				GCC_WARN_UNDECLARED_SELECTOR = YES;
				GCC_WARN_UNINITIALIZED_AUTOS = YES_AGGRESSIVE;
				GCC_WARN_UNUSED_FUNCTION = YES;
				GCC_WARN_UNUSED_VARIABLE = YES;
				IPHONEOS_DEPLOYMENT_TARGET = 18.0;
				LOCALIZATION_PREFERS_STRING_CATALOGS = YES;
				MTL_ENABLE_DEBUG_INFO = INCLUDE_SOURCE;
				MTL_FAST_MATH = YES;
				ONLY_ACTIVE_ARCH = YES;
				SDKROOT = iphoneos;
				SWIFT_ACTIVE_COMPILATION_CONDITIONS = "DEBUG $(inherited)";
				SWIFT_OPTIMIZATION_LEVEL = "-Onone";
			};
			name = Debug;
		};
		CA02FA0D2CB9AE2F0027BD8B /* Release */ = {
			isa = XCBuildConfiguration;
			buildSettings = {
				ALWAYS_SEARCH_USER_PATHS = NO;
				ASSETCATALOG_COMPILER_GENERATE_SWIFT_ASSET_SYMBOL_EXTENSIONS = YES;
				CLANG_ANALYZER_NONNULL = YES;
				CLANG_ANALYZER_NUMBER_OBJECT_CONVERSION = YES_AGGRESSIVE;
				CLANG_CXX_LANGUAGE_STANDARD = "gnu++20";
				CLANG_ENABLE_MODULES = YES;
				CLANG_ENABLE_OBJC_ARC = YES;
				CLANG_ENABLE_OBJC_WEAK = YES;
				CLANG_WARN_BLOCK_CAPTURE_AUTORELEASING = YES;
				CLANG_WARN_BOOL_CONVERSION = YES;
				CLANG_WARN_COMMA = YES;
				CLANG_WARN_CONSTANT_CONVERSION = YES;
				CLANG_WARN_DEPRECATED_OBJC_IMPLEMENTATIONS = YES;
				CLANG_WARN_DIRECT_OBJC_ISA_USAGE = YES_ERROR;
				CLANG_WARN_DOCUMENTATION_COMMENTS = YES;
				CLANG_WARN_EMPTY_BODY = YES;
				CLANG_WARN_ENUM_CONVERSION = YES;
				CLANG_WARN_INFINITE_RECURSION = YES;
				CLANG_WARN_INT_CONVERSION = YES;
				CLANG_WARN_NON_LITERAL_NULL_CONVERSION = YES;
				CLANG_WARN_OBJC_IMPLICIT_RETAIN_SELF = YES;
				CLANG_WARN_OBJC_LITERAL_CONVERSION = YES;
				CLANG_WARN_OBJC_ROOT_CLASS = YES_ERROR;
				CLANG_WARN_QUOTED_INCLUDE_IN_FRAMEWORK_HEADER = YES;
				CLANG_WARN_RANGE_LOOP_ANALYSIS = YES;
				CLANG_WARN_STRICT_PROTOTYPES = YES;
				CLANG_WARN_SUSPICIOUS_MOVE = YES;
				CLANG_WARN_UNGUARDED_AVAILABILITY = YES_AGGRESSIVE;
				CLANG_WARN_UNREACHABLE_CODE = YES;
				CLANG_WARN__DUPLICATE_METHOD_MATCH = YES;
				COPY_PHASE_STRIP = NO;
				DEBUG_INFORMATION_FORMAT = "dwarf-with-dsym";
				ENABLE_NS_ASSERTIONS = NO;
				ENABLE_STRICT_OBJC_MSGSEND = YES;
				ENABLE_USER_SCRIPT_SANDBOXING = YES;
				GCC_C_LANGUAGE_STANDARD = gnu17;
				GCC_NO_COMMON_BLOCKS = YES;
				GCC_WARN_64_TO_32_BIT_CONVERSION = YES;
				GCC_WARN_ABOUT_RETURN_TYPE = YES_ERROR;
				GCC_WARN_UNDECLARED_SELECTOR = YES;
				GCC_WARN_UNINITIALIZED_AUTOS = YES_AGGRESSIVE;
				GCC_WARN_UNUSED_FUNCTION = YES;
				GCC_WARN_UNUSED_VARIABLE = YES;
				IPHONEOS_DEPLOYMENT_TARGET = 18.0;
				LOCALIZATION_PREFERS_STRING_CATALOGS = YES;
				MTL_ENABLE_DEBUG_INFO = NO;
				MTL_FAST_MATH = YES;
				SDKROOT = iphoneos;
				SWIFT_COMPILATION_MODE = wholemodule;
				VALIDATE_PRODUCT = YES;
			};
			name = Release;
		};
		CA02FA0F2CB9AE2F0027BD8B /* Debug */ = {
			isa = XCBuildConfiguration;
			baseConfigurationReferenceAnchor = CA02F9EC2CB9AE2B0027BD8B /* ListenList */;
			baseConfigurationReferenceRelativePath = Config.xcconfig;
			buildSettings = {
				ASSETCATALOG_COMPILER_APPICON_NAME = GlassIcon;
				ASSETCATALOG_COMPILER_GLOBAL_ACCENT_COLOR_NAME = AccentColor;
				ASSETCATALOG_COMPILER_INCLUDE_ALL_APPICON_ASSETS = YES;
				CODE_SIGN_STYLE = Automatic;
				CURRENT_PROJECT_VERSION = 1;
				DEVELOPMENT_ASSET_PATHS = "\"ListenList/Preview Content\"";
				DEVELOPMENT_TEAM = YNT6PGUJ53;
				ENABLE_PREVIEWS = YES;
				GENERATE_INFOPLIST_FILE = YES;
				INFOPLIST_FILE = ListenList/Info.plist;
				INFOPLIST_KEY_UIApplicationSceneManifest_Generation = YES;
				INFOPLIST_KEY_UIApplicationSupportsIndirectInputEvents = YES;
				INFOPLIST_KEY_UILaunchScreen_Generation = YES;
				INFOPLIST_KEY_UISupportedInterfaceOrientations = UIInterfaceOrientationPortrait;
				INFOPLIST_KEY_UISupportedInterfaceOrientations_iPad = "UIInterfaceOrientationLandscapeLeft UIInterfaceOrientationLandscapeRight UIInterfaceOrientationPortrait UIInterfaceOrientationPortraitUpsideDown";
				LD_RUNPATH_SEARCH_PATHS = (
					"$(inherited)",
					"@executable_path/Frameworks",
				);
				MARKETING_VERSION = 1.0;
				PRODUCT_BUNDLE_IDENTIFIER = "memo.com.ListenList-iOS";
				PRODUCT_NAME = "$(TARGET_NAME)";
				SWIFT_EMIT_LOC_STRINGS = YES;
				SWIFT_VERSION = 5.0;
				TARGETED_DEVICE_FAMILY = "1,2";
			};
			name = Debug;
		};
		CA02FA102CB9AE2F0027BD8B /* Release */ = {
			isa = XCBuildConfiguration;
			baseConfigurationReferenceAnchor = CA02F9EC2CB9AE2B0027BD8B /* ListenList */;
			baseConfigurationReferenceRelativePath = Config.xcconfig;
			buildSettings = {
				ASSETCATALOG_COMPILER_APPICON_NAME = GlassIcon;
				ASSETCATALOG_COMPILER_GLOBAL_ACCENT_COLOR_NAME = AccentColor;
				ASSETCATALOG_COMPILER_INCLUDE_ALL_APPICON_ASSETS = YES;
				CODE_SIGN_STYLE = Automatic;
				CURRENT_PROJECT_VERSION = 1;
				DEVELOPMENT_ASSET_PATHS = "\"ListenList/Preview Content\"";
				DEVELOPMENT_TEAM = YNT6PGUJ53;
				ENABLE_PREVIEWS = YES;
				GENERATE_INFOPLIST_FILE = YES;
				INFOPLIST_FILE = ListenList/Info.plist;
				INFOPLIST_KEY_UIApplicationSceneManifest_Generation = YES;
				INFOPLIST_KEY_UIApplicationSupportsIndirectInputEvents = YES;
				INFOPLIST_KEY_UILaunchScreen_Generation = YES;
				INFOPLIST_KEY_UISupportedInterfaceOrientations = UIInterfaceOrientationPortrait;
				INFOPLIST_KEY_UISupportedInterfaceOrientations_iPad = "UIInterfaceOrientationLandscapeLeft UIInterfaceOrientationLandscapeRight UIInterfaceOrientationPortrait UIInterfaceOrientationPortraitUpsideDown";
				LD_RUNPATH_SEARCH_PATHS = (
					"$(inherited)",
					"@executable_path/Frameworks",
				);
				MARKETING_VERSION = 1.0;
				PRODUCT_BUNDLE_IDENTIFIER = "memo.com.ListenList-iOS";
				PRODUCT_NAME = "$(TARGET_NAME)";
				SWIFT_EMIT_LOC_STRINGS = YES;
				SWIFT_VERSION = 5.0;
				TARGETED_DEVICE_FAMILY = "1,2";
			};
			name = Release;
		};
		CA02FA122CB9AE2F0027BD8B /* Debug */ = {
			isa = XCBuildConfiguration;
			buildSettings = {
				BUNDLE_LOADER = "$(TEST_HOST)";
				CODE_SIGN_STYLE = Automatic;
				CURRENT_PROJECT_VERSION = 1;
				GENERATE_INFOPLIST_FILE = YES;
				IPHONEOS_DEPLOYMENT_TARGET = 18.0;
				MARKETING_VERSION = 1.0;
				PRODUCT_BUNDLE_IDENTIFIER = memo.com.ListenListTests;
				PRODUCT_NAME = "$(TARGET_NAME)";
				SWIFT_EMIT_LOC_STRINGS = NO;
				SWIFT_VERSION = 5.0;
				TARGETED_DEVICE_FAMILY = "1,2";
				TEST_HOST = "$(BUILT_PRODUCTS_DIR)/ListenList.app/$(BUNDLE_EXECUTABLE_FOLDER_PATH)/ListenList";
			};
			name = Debug;
		};
		CA02FA132CB9AE2F0027BD8B /* Release */ = {
			isa = XCBuildConfiguration;
			buildSettings = {
				BUNDLE_LOADER = "$(TEST_HOST)";
				CODE_SIGN_STYLE = Automatic;
				CURRENT_PROJECT_VERSION = 1;
				GENERATE_INFOPLIST_FILE = YES;
				IPHONEOS_DEPLOYMENT_TARGET = 18.0;
				MARKETING_VERSION = 1.0;
				PRODUCT_BUNDLE_IDENTIFIER = memo.com.ListenListTests;
				PRODUCT_NAME = "$(TARGET_NAME)";
				SWIFT_EMIT_LOC_STRINGS = NO;
				SWIFT_VERSION = 5.0;
				TARGETED_DEVICE_FAMILY = "1,2";
				TEST_HOST = "$(BUILT_PRODUCTS_DIR)/ListenList.app/$(BUNDLE_EXECUTABLE_FOLDER_PATH)/ListenList";
			};
			name = Release;
		};
		CA02FA152CB9AE2F0027BD8B /* Debug */ = {
			isa = XCBuildConfiguration;
			buildSettings = {
				CODE_SIGN_STYLE = Automatic;
				CURRENT_PROJECT_VERSION = 1;
				GENERATE_INFOPLIST_FILE = YES;
				MARKETING_VERSION = 1.0;
				PRODUCT_BUNDLE_IDENTIFIER = memo.com.ListenListUITests;
				PRODUCT_NAME = "$(TARGET_NAME)";
				SWIFT_EMIT_LOC_STRINGS = NO;
				SWIFT_VERSION = 5.0;
				TARGETED_DEVICE_FAMILY = "1,2";
				TEST_TARGET_NAME = ListenList;
			};
			name = Debug;
		};
		CA02FA162CB9AE2F0027BD8B /* Release */ = {
			isa = XCBuildConfiguration;
			buildSettings = {
				CODE_SIGN_STYLE = Automatic;
				CURRENT_PROJECT_VERSION = 1;
				GENERATE_INFOPLIST_FILE = YES;
				MARKETING_VERSION = 1.0;
				PRODUCT_BUNDLE_IDENTIFIER = memo.com.ListenListUITests;
				PRODUCT_NAME = "$(TARGET_NAME)";
				SWIFT_EMIT_LOC_STRINGS = NO;
				SWIFT_VERSION = 5.0;
				TARGETED_DEVICE_FAMILY = "1,2";
				TEST_TARGET_NAME = ListenList;
			};
			name = Release;
		};
/* End XCBuildConfiguration section */

/* Begin XCConfigurationList section */
		CA02F9E52CB9AE2B0027BD8B /* Build configuration list for PBXProject "ListenList" */ = {
			isa = XCConfigurationList;
			buildConfigurations = (
				CA02FA0C2CB9AE2F0027BD8B /* Debug */,
				CA02FA0D2CB9AE2F0027BD8B /* Release */,
			);
			defaultConfigurationIsVisible = 0;
			defaultConfigurationName = Release;
		};
		CA02FA0E2CB9AE2F0027BD8B /* Build configuration list for PBXNativeTarget "ListenList" */ = {
			isa = XCConfigurationList;
			buildConfigurations = (
				CA02FA0F2CB9AE2F0027BD8B /* Debug */,
				CA02FA102CB9AE2F0027BD8B /* Release */,
			);
			defaultConfigurationIsVisible = 0;
			defaultConfigurationName = Release;
		};
		CA02FA112CB9AE2F0027BD8B /* Build configuration list for PBXNativeTarget "ListenListTests" */ = {
			isa = XCConfigurationList;
			buildConfigurations = (
				CA02FA122CB9AE2F0027BD8B /* Debug */,
				CA02FA132CB9AE2F0027BD8B /* Release */,
			);
			defaultConfigurationIsVisible = 0;
			defaultConfigurationName = Release;
		};
		CA02FA142CB9AE2F0027BD8B /* Build configuration list for PBXNativeTarget "ListenListUITests" */ = {
			isa = XCConfigurationList;
			buildConfigurations = (
				CA02FA152CB9AE2F0027BD8B /* Debug */,
				CA02FA162CB9AE2F0027BD8B /* Release */,
			);
			defaultConfigurationIsVisible = 0;
			defaultConfigurationName = Release;
		};
/* End XCConfigurationList section */

/* Begin XCRemoteSwiftPackageReference section */
		71C478862E3D90FC00BBCF6E /* XCRemoteSwiftPackageReference "keychain-swift" */ = {
			isa = XCRemoteSwiftPackageReference;
			repositoryURL = "https://github.com/evgenyneu/keychain-swift.git";
			requirement = {
				kind = upToNextMajorVersion;
				minimumVersion = 24.0.0;
			};
		};
		CA8462E62D277D46005BB9DC /* XCRemoteSwiftPackageReference "firebase-ios-sdk" */ = {
			isa = XCRemoteSwiftPackageReference;
			repositoryURL = "https://github.com/firebase/firebase-ios-sdk";
			requirement = {
				kind = upToNextMajorVersion;
				minimumVersion = 11.6.0;
			};
		};
/* End XCRemoteSwiftPackageReference section */

/* Begin XCSwiftPackageProductDependency section */
		71C478872E3D90FC00BBCF6E /* KeychainSwift */ = {
			isa = XCSwiftPackageProductDependency;
			package = 71C478862E3D90FC00BBCF6E /* XCRemoteSwiftPackageReference "keychain-swift" */;
			productName = KeychainSwift;
		};
		CA8462E72D277D46005BB9DC /* FirebaseAnalytics */ = {
			isa = XCSwiftPackageProductDependency;
			package = CA8462E62D277D46005BB9DC /* XCRemoteSwiftPackageReference "firebase-ios-sdk" */;
			productName = FirebaseAnalytics;
		};
		CA8462E92D277D46005BB9DC /* FirebaseAnalyticsOnDeviceConversion */ = {
			isa = XCSwiftPackageProductDependency;
			package = CA8462E62D277D46005BB9DC /* XCRemoteSwiftPackageReference "firebase-ios-sdk" */;
			productName = FirebaseAnalyticsOnDeviceConversion;
		};
		CA8462EB2D277D46005BB9DC /* FirebaseAnalyticsWithoutAdIdSupport */ = {
			isa = XCSwiftPackageProductDependency;
			package = CA8462E62D277D46005BB9DC /* XCRemoteSwiftPackageReference "firebase-ios-sdk" */;
			productName = FirebaseAnalyticsWithoutAdIdSupport;
		};
		CA8462ED2D277D46005BB9DC /* FirebaseAppCheck */ = {
			isa = XCSwiftPackageProductDependency;
			package = CA8462E62D277D46005BB9DC /* XCRemoteSwiftPackageReference "firebase-ios-sdk" */;
			productName = FirebaseAppCheck;
		};
		CA8462EF2D277D46005BB9DC /* FirebaseAppDistribution-Beta */ = {
			isa = XCSwiftPackageProductDependency;
			package = CA8462E62D277D46005BB9DC /* XCRemoteSwiftPackageReference "firebase-ios-sdk" */;
			productName = "FirebaseAppDistribution-Beta";
		};
		CA8462F12D277F9D005BB9DC /* FirebaseAnalytics */ = {
			isa = XCSwiftPackageProductDependency;
			package = CA8462E62D277D46005BB9DC /* XCRemoteSwiftPackageReference "firebase-ios-sdk" */;
			productName = FirebaseAnalytics;
		};
		CA8462F32D277F9D005BB9DC /* FirebaseAnalyticsOnDeviceConversion */ = {
			isa = XCSwiftPackageProductDependency;
			package = CA8462E62D277D46005BB9DC /* XCRemoteSwiftPackageReference "firebase-ios-sdk" */;
			productName = FirebaseAnalyticsOnDeviceConversion;
		};
		CA8462F52D277F9D005BB9DC /* FirebaseAnalyticsWithoutAdIdSupport */ = {
			isa = XCSwiftPackageProductDependency;
			package = CA8462E62D277D46005BB9DC /* XCRemoteSwiftPackageReference "firebase-ios-sdk" */;
			productName = FirebaseAnalyticsWithoutAdIdSupport;
		};
		CA8462F72D277F9D005BB9DC /* FirebaseAppCheck */ = {
			isa = XCSwiftPackageProductDependency;
			package = CA8462E62D277D46005BB9DC /* XCRemoteSwiftPackageReference "firebase-ios-sdk" */;
			productName = FirebaseAppCheck;
		};
		CA8462F92D277F9D005BB9DC /* FirebaseAppDistribution-Beta */ = {
			isa = XCSwiftPackageProductDependency;
			package = CA8462E62D277D46005BB9DC /* XCRemoteSwiftPackageReference "firebase-ios-sdk" */;
			productName = "FirebaseAppDistribution-Beta";
		};
		CA8462FB2D277F9D005BB9DC /* FirebaseAuth */ = {
			isa = XCSwiftPackageProductDependency;
			package = CA8462E62D277D46005BB9DC /* XCRemoteSwiftPackageReference "firebase-ios-sdk" */;
			productName = FirebaseAuth;
		};
		CA8462FD2D277F9D005BB9DC /* FirebaseAuthCombine-Community */ = {
			isa = XCSwiftPackageProductDependency;
			package = CA8462E62D277D46005BB9DC /* XCRemoteSwiftPackageReference "firebase-ios-sdk" */;
			productName = "FirebaseAuthCombine-Community";
		};
		CA8462FF2D277F9D005BB9DC /* FirebaseCore */ = {
			isa = XCSwiftPackageProductDependency;
			package = CA8462E62D277D46005BB9DC /* XCRemoteSwiftPackageReference "firebase-ios-sdk" */;
			productName = FirebaseCore;
		};
		CA8463012D277F9D005BB9DC /* FirebaseCrashlytics */ = {
			isa = XCSwiftPackageProductDependency;
			package = CA8462E62D277D46005BB9DC /* XCRemoteSwiftPackageReference "firebase-ios-sdk" */;
			productName = FirebaseCrashlytics;
		};
		CA8463032D277F9D005BB9DC /* FirebaseDatabase */ = {
			isa = XCSwiftPackageProductDependency;
			package = CA8462E62D277D46005BB9DC /* XCRemoteSwiftPackageReference "firebase-ios-sdk" */;
			productName = FirebaseDatabase;
		};
		CA8463052D277F9D005BB9DC /* FirebaseDynamicLinks */ = {
			isa = XCSwiftPackageProductDependency;
			package = CA8462E62D277D46005BB9DC /* XCRemoteSwiftPackageReference "firebase-ios-sdk" */;
			productName = FirebaseDynamicLinks;
		};
		CA8463072D277F9D005BB9DC /* FirebaseFirestore */ = {
			isa = XCSwiftPackageProductDependency;
			package = CA8462E62D277D46005BB9DC /* XCRemoteSwiftPackageReference "firebase-ios-sdk" */;
			productName = FirebaseFirestore;
		};
		CA8463092D277F9D005BB9DC /* FirebaseFirestoreCombine-Community */ = {
			isa = XCSwiftPackageProductDependency;
			package = CA8462E62D277D46005BB9DC /* XCRemoteSwiftPackageReference "firebase-ios-sdk" */;
			productName = "FirebaseFirestoreCombine-Community";
		};
		CA84630B2D277F9D005BB9DC /* FirebaseFunctions */ = {
			isa = XCSwiftPackageProductDependency;
			package = CA8462E62D277D46005BB9DC /* XCRemoteSwiftPackageReference "firebase-ios-sdk" */;
			productName = FirebaseFunctions;
		};
		CA84630D2D277F9D005BB9DC /* FirebaseFunctionsCombine-Community */ = {
			isa = XCSwiftPackageProductDependency;
			package = CA8462E62D277D46005BB9DC /* XCRemoteSwiftPackageReference "firebase-ios-sdk" */;
			productName = "FirebaseFunctionsCombine-Community";
		};
		CA84630F2D277F9D005BB9DC /* FirebaseInAppMessaging-Beta */ = {
			isa = XCSwiftPackageProductDependency;
			package = CA8462E62D277D46005BB9DC /* XCRemoteSwiftPackageReference "firebase-ios-sdk" */;
			productName = "FirebaseInAppMessaging-Beta";
		};
		CA8463112D277F9D005BB9DC /* FirebaseInstallations */ = {
			isa = XCSwiftPackageProductDependency;
			package = CA8462E62D277D46005BB9DC /* XCRemoteSwiftPackageReference "firebase-ios-sdk" */;
			productName = FirebaseInstallations;
		};
		CA8463132D277F9D005BB9DC /* FirebaseMLModelDownloader */ = {
			isa = XCSwiftPackageProductDependency;
			package = CA8462E62D277D46005BB9DC /* XCRemoteSwiftPackageReference "firebase-ios-sdk" */;
			productName = FirebaseMLModelDownloader;
		};
		CA8463152D277F9D005BB9DC /* FirebaseMessaging */ = {
			isa = XCSwiftPackageProductDependency;
			package = CA8462E62D277D46005BB9DC /* XCRemoteSwiftPackageReference "firebase-ios-sdk" */;
			productName = FirebaseMessaging;
		};
		CA8463172D277F9D005BB9DC /* FirebasePerformance */ = {
			isa = XCSwiftPackageProductDependency;
			package = CA8462E62D277D46005BB9DC /* XCRemoteSwiftPackageReference "firebase-ios-sdk" */;
			productName = FirebasePerformance;
		};
		CA8463192D277F9D005BB9DC /* FirebaseRemoteConfig */ = {
			isa = XCSwiftPackageProductDependency;
			package = CA8462E62D277D46005BB9DC /* XCRemoteSwiftPackageReference "firebase-ios-sdk" */;
			productName = FirebaseRemoteConfig;
		};
		CA84631B2D277F9D005BB9DC /* FirebaseStorage */ = {
			isa = XCSwiftPackageProductDependency;
			package = CA8462E62D277D46005BB9DC /* XCRemoteSwiftPackageReference "firebase-ios-sdk" */;
			productName = FirebaseStorage;
		};
		CA84631D2D277F9D005BB9DC /* FirebaseStorageCombine-Community */ = {
			isa = XCSwiftPackageProductDependency;
			package = CA8462E62D277D46005BB9DC /* XCRemoteSwiftPackageReference "firebase-ios-sdk" */;
			productName = "FirebaseStorageCombine-Community";
		};
		CA84631F2D277F9D005BB9DC /* FirebaseVertexAI */ = {
			isa = XCSwiftPackageProductDependency;
			package = CA8462E62D277D46005BB9DC /* XCRemoteSwiftPackageReference "firebase-ios-sdk" */;
			productName = FirebaseVertexAI;
		};
/* End XCSwiftPackageProductDependency section */
	};
	rootObject = CA02F9E22CB9AE2B0027BD8B /* Project object */;
}
